
Microsoft Visual Studio Solution File, Format Version 12.00
# Visual Studio Version 16
VisualStudioVersion = 16.0.31005.135
MinimumVisualStudioVersion = 10.0.40219.1
Project("{FAE04EC0-301F-11D3-BF4B-00C04F79EFBC}") = "SorguNet", "SorguNet\SorguNet.csproj", "{991BE461-C2A1-460A-8244-EC0CEF639167}"
EndProject
Global
	GlobalSection(SolutionConfigurationPlatforms) = preSolution
		Debug|Any CPU = Debug|Any CPU
		Release|Any CPU = Release|Any CPU
	EndGlobalSection
	GlobalSection(ProjectConfigurationPlatforms) = postSolution
		{991BE461-C2A1-460A-8244-EC0CEF639167}.Debug|Any CPU.ActiveCfg = Debug|Any CPU
		{991BE461-C2A1-460A-8244-EC0CEF639167}.Debug|Any CPU.Build.0 = Debug|Any CPU
		{991BE461-C2A1-460A-8244-EC0CEF639167}.Release|Any CPU.ActiveCfg = Release|Any CPU
		{991BE461-C2A1-460A-8244-EC0CEF639167}.Release|Any CPU.Build.0 = Release|Any CPU
	EndGlobalSection
	GlobalSection(SolutionProperties) = preSolution
		HideSolutionNode = FALSE
	EndGlobalSection
	GlobalSection(ExtensibilityGlobals) = postSolution
		SolutionGuid = {81BF1748-3737-41CF-BCEC-485F7E5965E9}
	EndGlobalSection
EndGlobal
